// !$*UTF8*$!
{
	archiveVersion = 1;
	classes = {
	};
	objectVersion = 56;
	objects = {

/* Begin PBXBuildFile section */
		BC641CB47975FC1C261B21CD /* Pods_RingAndShine.framework in Frameworks */ = {isa = PBXBuildFile; fileRef = 9883BC5EB3BBD0D0AD49313C /* Pods_RingAndShine.framework */; };
		C346CA7F2DB9D9BA0077F624 /* AppDelegate.swift in Sources */ = {isa = PBXBuildFile; fileRef = C346CA7E2DB9D9BA0077F624 /* AppDelegate.swift */; };
		C365352B2DAF41F8005A246E /* RingAndShineApp.swift in Sources */ = {isa = PBXBuildFile; fileRef = C365352A2DAF41F8005A246E /* RingAndShineApp.swift */; };
		C365352D2DAF41F8005A246E /* ContentView.swift in Sources */ = {isa = PBXBuildFile; fileRef = C365352C2DAF41F8005A246E /* ContentView.swift */; };
		C365352F2DAF41FC005A246E /* Assets.xcassets in Resources */ = {isa = PBXBuildFile; fileRef = C365352E2DAF41FC005A246E /* Assets.xcassets */; };
		C36535322DAF41FC005A246E /* Preview Assets.xcassets in Resources */ = {isa = PBXBuildFile; fileRef = C36535312DAF41FC005A246E /* Preview Assets.xcassets */; };
		C365353C2DAF41FC005A246E /* RingAndShineTests.swift in Sources */ = {isa = PBXBuildFile; fileRef = C365353B2DAF41FC005A246E /* RingAndShineTests.swift */; };
		C36535462DAF41FC005A246E /* RingAndShineUITests.swift in Sources */ = {isa = PBXBuildFile; fileRef = C36535452DAF41FC005A246E /* RingAndShineUITests.swift */; };
		C36535482DAF41FC005A246E /* RingAndShineUITestsLaunchTests.swift in Sources */ = {isa = PBXBuildFile; fileRef = C36535472DAF41FC005A246E /* RingAndShineUITestsLaunchTests.swift */; };
		C36535552DAF4503005A246E /* Alarm.swift in Sources */ = {isa = PBXBuildFile; fileRef = C36535542DAF4503005A246E /* Alarm.swift */; };
		C36535572DAF47A2005A246E /* AlarmManager.swift in Sources */ = {isa = PBXBuildFile; fileRef = C36535562DAF47A2005A246E /* AlarmManager.swift */; };
		C36535592DAF4A4C005A246E /* Settings.swift in Sources */ = {isa = PBXBuildFile; fileRef = C36535582DAF4A4C005A246E /* Settings.swift */; };
		C365355B2DAF4B09005A246E /* HapticManager.swift in Sources */ = {isa = PBXBuildFile; fileRef = C365355A2DAF4B09005A246E /* HapticManager.swift */; };
		C365355E2DAF4BC6005A246E /* SettingsView.swift in Sources */ = {isa = PBXBuildFile; fileRef = C365355D2DAF4BC6005A246E /* SettingsView.swift */; };
		C36535602DAF4F51005A246E /* EditAlarmView.swift in Sources */ = {isa = PBXBuildFile; fileRef = C365355F2DAF4F51005A246E /* EditAlarmView.swift */; };
		C36535622DAF5AC1005A246E /* AlarmDetailView.swift in Sources */ = {isa = PBXBuildFile; fileRef = C36535612DAF5AC1005A246E /* AlarmDetailView.swift */; };
		C38378CC2DC5B5B200C78AF6 /* CocoaMQTT.framework in Frameworks */ = {isa = PBXBuildFile; fileRef = C38378CB2DC5B5B200C78AF6 /* CocoaMQTT.framework */; };
		C38D74F72DB59CCC00D8785C /* ContentView2.swift in Sources */ = {isa = PBXBuildFile; fileRef = C38D74F62DB59CCC00D8785C /* ContentView2.swift */; };
		C38D74FB2DB5ADCA00D8785C /* bell.mp3 in Resources */ = {isa = PBXBuildFile; fileRef = C38D74FA2DB5ADCA00D8785C /* bell.mp3 */; };
		C38D74FD2DB5ADF900D8785C /* AudioManager.swift in Sources */ = {isa = PBXBuildFile; fileRef = C38D74FC2DB5ADF900D8785C /* AudioManager.swift */; };
		C38D75012DB5B16A00D8785C /* NotificationManager.swift in Sources */ = {isa = PBXBuildFile; fileRef = C38D75002DB5B16A00D8785C /* NotificationManager.swift */; };
		C38D9E092DB88F9E00EBD54A /* AddAlarmView.swift in Sources */ = {isa = PBXBuildFile; fileRef = C38D9E082DB88F9E00EBD54A /* AddAlarmView.swift */; };
/* End PBXBuildFile section */

/* Begin PBXContainerItemProxy section */
		C36535382DAF41FC005A246E /* PBXContainerItemProxy */ = {
			isa = PBXContainerItemProxy;
			containerPortal = C365351F2DAF41F8005A246E /* Project object */;
			proxyType = 1;
			remoteGlobalIDString = C36535262DAF41F8005A246E;
			remoteInfo = RingAndShine;
		};
		C36535422DAF41FC005A246E /* PBXContainerItemProxy */ = {
			isa = PBXContainerItemProxy;
			containerPortal = C365351F2DAF41F8005A246E /* Project object */;
			proxyType = 1;
			remoteGlobalIDString = C36535262DAF41F8005A246E;
			remoteInfo = RingAndShine;
		};
/* End PBXContainerItemProxy section */

/* Begin PBXFileReference section */
		166EE722A1D0ADF5B519BF08 /* Pods-RingAndShine.release.xcconfig */ = {isa = PBXFileReference; includeInIndex = 1; lastKnownFileType = text.xcconfig; name = "Pods-RingAndShine.release.xcconfig"; path = "Target Support Files/Pods-RingAndShine/Pods-RingAndShine.release.xcconfig"; sourceTree = "<group>"; };
		9883BC5EB3BBD0D0AD49313C /* Pods_RingAndShine.framework */ = {isa = PBXFileReference; explicitFileType = wrapper.framework; includeInIndex = 0; path = Pods_RingAndShine.framework; sourceTree = BUILT_PRODUCTS_DIR; };
		C346CA7E2DB9D9BA0077F624 /* AppDelegate.swift */ = {isa = PBXFileReference; lastKnownFileType = sourcecode.swift; path = AppDelegate.swift; sourceTree = "<group>"; };
		C36535272DAF41F8005A246E /* RingAndShine.app */ = {isa = PBXFileReference; explicitFileType = wrapper.application; includeInIndex = 0; path = RingAndShine.app; sourceTree = BUILT_PRODUCTS_DIR; };
		C365352A2DAF41F8005A246E /* RingAndShineApp.swift */ = {isa = PBXFileReference; lastKnownFileType = sourcecode.swift; path = RingAndShineApp.swift; sourceTree = "<group>"; };
		C365352C2DAF41F8005A246E /* ContentView.swift */ = {isa = PBXFileReference; lastKnownFileType = sourcecode.swift; path = ContentView.swift; sourceTree = "<group>"; };
		C365352E2DAF41FC005A246E /* Assets.xcassets */ = {isa = PBXFileReference; lastKnownFileType = folder.assetcatalog; path = Assets.xcassets; sourceTree = "<group>"; };
		C36535312DAF41FC005A246E /* Preview Assets.xcassets */ = {isa = PBXFileReference; lastKnownFileType = folder.assetcatalog; path = "Preview Assets.xcassets"; sourceTree = "<group>"; };
		C36535372DAF41FC005A246E /* RingAndShineTests.xctest */ = {isa = PBXFileReference; explicitFileType = wrapper.cfbundle; includeInIndex = 0; path = RingAndShineTests.xctest; sourceTree = BUILT_PRODUCTS_DIR; };
		C365353B2DAF41FC005A246E /* RingAndShineTests.swift */ = {isa = PBXFileReference; lastKnownFileType = sourcecode.swift; path = RingAndShineTests.swift; sourceTree = "<group>"; };
		C36535412DAF41FC005A246E /* RingAndShineUITests.xctest */ = {isa = PBXFileReference; explicitFileType = wrapper.cfbundle; includeInIndex = 0; path = RingAndShineUITests.xctest; sourceTree = BUILT_PRODUCTS_DIR; };
		C36535452DAF41FC005A246E /* RingAndShineUITests.swift */ = {isa = PBXFileReference; lastKnownFileType = sourcecode.swift; path = RingAndShineUITests.swift; sourceTree = "<group>"; };
		C36535472DAF41FC005A246E /* RingAndShineUITestsLaunchTests.swift */ = {isa = PBXFileReference; lastKnownFileType = sourcecode.swift; path = RingAndShineUITestsLaunchTests.swift; sourceTree = "<group>"; };
		C36535542DAF4503005A246E /* Alarm.swift */ = {isa = PBXFileReference; lastKnownFileType = sourcecode.swift; path = Alarm.swift; sourceTree = "<group>"; };
		C36535562DAF47A2005A246E /* AlarmManager.swift */ = {isa = PBXFileReference; lastKnownFileType = sourcecode.swift; path = AlarmManager.swift; sourceTree = "<group>"; };
		C36535582DAF4A4C005A246E /* Settings.swift */ = {isa = PBXFileReference; lastKnownFileType = sourcecode.swift; path = Settings.swift; sourceTree = "<group>"; };
		C365355A2DAF4B09005A246E /* HapticManager.swift */ = {isa = PBXFileReference; lastKnownFileType = sourcecode.swift; path = HapticManager.swift; sourceTree = "<group>"; };
		C365355D2DAF4BC6005A246E /* SettingsView.swift */ = {isa = PBXFileReference; lastKnownFileType = sourcecode.swift; path = SettingsView.swift; sourceTree = "<group>"; };
		C365355F2DAF4F51005A246E /* EditAlarmView.swift */ = {isa = PBXFileReference; lastKnownFileType = sourcecode.swift; path = EditAlarmView.swift; sourceTree = "<group>"; };
		C36535612DAF5AC1005A246E /* AlarmDetailView.swift */ = {isa = PBXFileReference; lastKnownFileType = sourcecode.swift; path = AlarmDetailView.swift; sourceTree = "<group>"; };
		C38378CB2DC5B5B200C78AF6 /* CocoaMQTT.framework */ = {isa = PBXFileReference; explicitFileType = wrapper.framework; path = CocoaMQTT.framework; sourceTree = BUILT_PRODUCTS_DIR; };
		C38D74F62DB59CCC00D8785C /* ContentView2.swift */ = {isa = PBXFileReference; lastKnownFileType = sourcecode.swift; path = ContentView2.swift; sourceTree = "<group>"; };
		C38D74FA2DB5ADCA00D8785C /* bell.mp3 */ = {isa = PBXFileReference; lastKnownFileType = audio.mp3; name = bell.mp3; path = ../../../bell.mp3; sourceTree = "<group>"; };
		C38D74FC2DB5ADF900D8785C /* AudioManager.swift */ = {isa = PBXFileReference; lastKnownFileType = sourcecode.swift; path = AudioManager.swift; sourceTree = "<group>"; };
		C38D74FF2DB5AEB000D8785C /* bell.mp3 */ = {isa = PBXFileReference; lastKnownFileType = audio.mp3; path = bell.mp3; sourceTree = "<group>"; };
		C38D75002DB5B16A00D8785C /* NotificationManager.swift */ = {isa = PBXFileReference; lastKnownFileType = sourcecode.swift; path = NotificationManager.swift; sourceTree = "<group>"; };
		C38D9E082DB88F9E00EBD54A /* AddAlarmView.swift */ = {isa = PBXFileReference; lastKnownFileType = sourcecode.swift; path = AddAlarmView.swift; sourceTree = "<group>"; };
		F72833D04BC49EF8407F7AE9 /* Pods-RingAndShine.debug.xcconfig */ = {isa = PBXFileReference; includeInIndex = 1; lastKnownFileType = text.xcconfig; name = "Pods-RingAndShine.debug.xcconfig"; path = "Target Support Files/Pods-RingAndShine/Pods-RingAndShine.debug.xcconfig"; sourceTree = "<group>"; };
/* End PBXFileReference section */

/* Begin PBXFrameworksBuildPhase section */
		C36535242DAF41F8005A246E /* Frameworks */ = {
			isa = PBXFrameworksBuildPhase;
			buildActionMask = 2147483647;
			files = (
				C38378CC2DC5B5B200C78AF6 /* CocoaMQTT.framework in Frameworks */,
				BC641CB47975FC1C261B21CD /* Pods_RingAndShine.framework in Frameworks */,
			);
			runOnlyForDeploymentPostprocessing = 0;
		};
		C36535342DAF41FC005A246E /* Frameworks */ = {
			isa = PBXFrameworksBuildPhase;
			buildActionMask = 2147483647;
			files = (
			);
			runOnlyForDeploymentPostprocessing = 0;
		};
		C365353E2DAF41FC005A246E /* Frameworks */ = {
			isa = PBXFrameworksBuildPhase;
			buildActionMask = 2147483647;
			files = (
			);
			runOnlyForDeploymentPostprocessing = 0;
		};
/* End PBXFrameworksBuildPhase section */

/* Begin PBXGroup section */
		5B04CC2FEFDA3A60E92B1010 /* Frameworks */ = {
			isa = PBXGroup;
			children = (
				C38378CB2DC5B5B200C78AF6 /* CocoaMQTT.framework */,
				9883BC5EB3BBD0D0AD49313C /* Pods_RingAndShine.framework */,
			);
			name = Frameworks;
			sourceTree = "<group>";
		};
		6424D1ABA8494CC24CAC64EE /* Pods */ = {
			isa = PBXGroup;
			children = (
				F72833D04BC49EF8407F7AE9 /* Pods-RingAndShine.debug.xcconfig */,
				166EE722A1D0ADF5B519BF08 /* Pods-RingAndShine.release.xcconfig */,
			);
			path = Pods;
			sourceTree = "<group>";
		};
		C365351E2DAF41F8005A246E = {
			isa = PBXGroup;
			children = (
				C36535292DAF41F8005A246E /* RingAndShine */,
				C365353A2DAF41FC005A246E /* RingAndShineTests */,
				C36535442DAF41FC005A246E /* RingAndShineUITests */,
				C36535282DAF41F8005A246E /* Products */,
				6424D1ABA8494CC24CAC64EE /* Pods */,
				5B04CC2FEFDA3A60E92B1010 /* Frameworks */,
			);
			sourceTree = "<group>";
		};
		C36535282DAF41F8005A246E /* Products */ = {
			isa = PBXGroup;
			children = (
				C36535272DAF41F8005A246E /* RingAndShine.app */,
				C36535372DAF41FC005A246E /* RingAndShineTests.xctest */,
				C36535412DAF41FC005A246E /* RingAndShineUITests.xctest */,
			);
			name = Products;
			sourceTree = "<group>";
		};
		C36535292DAF41F8005A246E /* RingAndShine */ = {
			isa = PBXGroup;
			children = (
				C38D74FE2DB5AEAB00D8785C /* Sounds */,
				C365355C2DAF4BB6005A246E /* Views */,
				C365352A2DAF41F8005A246E /* RingAndShineApp.swift */,
				C36535542DAF4503005A246E /* Alarm.swift */,
				C36535562DAF47A2005A246E /* AlarmManager.swift */,
				C36535582DAF4A4C005A246E /* Settings.swift */,
				C365355A2DAF4B09005A246E /* HapticManager.swift */,
				C38D74FC2DB5ADF900D8785C /* AudioManager.swift */,
				C38D75002DB5B16A00D8785C /* NotificationManager.swift */,
				C346CA7E2DB9D9BA0077F624 /* AppDelegate.swift */,
				C38D74FA2DB5ADCA00D8785C /* bell.mp3 */,
				C365352E2DAF41FC005A246E /* Assets.xcassets */,
				C36535302DAF41FC005A246E /* Preview Content */,
			);
			path = RingAndShine;
			sourceTree = "<group>";
		};
		C36535302DAF41FC005A246E /* Preview Content */ = {
			isa = PBXGroup;
			children = (
				C36535312DAF41FC005A246E /* Preview Assets.xcassets */,
			);
			path = "Preview Content";
			sourceTree = "<group>";
		};
		C365353A2DAF41FC005A246E /* RingAndShineTests */ = {
			isa = PBXGroup;
			children = (
				C365353B2DAF41FC005A246E /* RingAndShineTests.swift */,
			);
			path = RingAndShineTests;
			sourceTree = "<group>";
		};
		C36535442DAF41FC005A246E /* RingAndShineUITests */ = {
			isa = PBXGroup;
			children = (
				C36535452DAF41FC005A246E /* RingAndShineUITests.swift */,
				C36535472DAF41FC005A246E /* RingAndShineUITestsLaunchTests.swift */,
			);
			path = RingAndShineUITests;
			sourceTree = "<group>";
		};
		C365355C2DAF4BB6005A246E /* Views */ = {
			isa = PBXGroup;
			children = (
				C365352C2DAF41F8005A246E /* ContentView.swift */,
				C365355D2DAF4BC6005A246E /* SettingsView.swift */,
				C365355F2DAF4F51005A246E /* EditAlarmView.swift */,
				C36535612DAF5AC1005A246E /* AlarmDetailView.swift */,
				C38D74F62DB59CCC00D8785C /* ContentView2.swift */,
				C38D9E082DB88F9E00EBD54A /* AddAlarmView.swift */,
			);
			path = Views;
			sourceTree = "<group>";
		};
		C38D74FE2DB5AEAB00D8785C /* Sounds */ = {
			isa = PBXGroup;
			children = (
				C38D74FF2DB5AEB000D8785C /* bell.mp3 */,
			);
			path = Sounds;
			sourceTree = "<group>";
		};
/* End PBXGroup section */

/* Begin PBXNativeTarget section */
		C36535262DAF41F8005A246E /* RingAndShine */ = {
			isa = PBXNativeTarget;
			buildConfigurationList = C365354B2DAF41FC005A246E /* Build configuration list for PBXNativeTarget "RingAndShine" */;
			buildPhases = (
				90BE091D194A6EC0A72022E7 /* [CP] Check Pods Manifest.lock */,
				C36535232DAF41F8005A246E /* Sources */,
				C36535242DAF41F8005A246E /* Frameworks */,
				C36535252DAF41F8005A246E /* Resources */,
				71D46EFFFBD58B8690DCA251 /* [CP] Embed Pods Frameworks */,
			);
			buildRules = (
			);
			dependencies = (
			);
			name = RingAndShine;
			productName = RingAndShine;
			productReference = C36535272DAF41F8005A246E /* RingAndShine.app */;
			productType = "com.apple.product-type.application";
		};
		C36535362DAF41FC005A246E /* RingAndShineTests */ = {
			isa = PBXNativeTarget;
			buildConfigurationList = C365354E2DAF41FC005A246E /* Build configuration list for PBXNativeTarget "RingAndShineTests" */;
			buildPhases = (
				C36535332DAF41FC005A246E /* Sources */,
				C36535342DAF41FC005A246E /* Frameworks */,
				C36535352DAF41FC005A246E /* Resources */,
			);
			buildRules = (
			);
			dependencies = (
				C36535392DAF41FC005A246E /* PBXTargetDependency */,
			);
			name = RingAndShineTests;
			productName = RingAndShineTests;
			productReference = C36535372DAF41FC005A246E /* RingAndShineTests.xctest */;
			productType = "com.apple.product-type.bundle.unit-test";
		};
		C36535402DAF41FC005A246E /* RingAndShineUITests */ = {
			isa = PBXNativeTarget;
			buildConfigurationList = C36535512DAF41FC005A246E /* Build configuration list for PBXNativeTarget "RingAndShineUITests" */;
			buildPhases = (
				C365353D2DAF41FC005A246E /* Sources */,
				C365353E2DAF41FC005A246E /* Frameworks */,
				C365353F2DAF41FC005A246E /* Resources */,
			);
			buildRules = (
			);
			dependencies = (
				C36535432DAF41FC005A246E /* PBXTargetDependency */,
			);
			name = RingAndShineUITests;
			productName = RingAndShineUITests;
			productReference = C36535412DAF41FC005A246E /* RingAndShineUITests.xctest */;
			productType = "com.apple.product-type.bundle.ui-testing";
		};
/* End PBXNativeTarget section */

/* Begin PBXProject section */
		C365351F2DAF41F8005A246E /* Project object */ = {
			isa = PBXProject;
			attributes = {
				BuildIndependentTargetsInParallel = 1;
				LastSwiftUpdateCheck = 1540;
				LastUpgradeCheck = 1540;
				TargetAttributes = {
					C36535262DAF41F8005A246E = {
						CreatedOnToolsVersion = 15.4;
					};
					C36535362DAF41FC005A246E = {
						CreatedOnToolsVersion = 15.4;
						TestTargetID = C36535262DAF41F8005A246E;
					};
					C36535402DAF41FC005A246E = {
						CreatedOnToolsVersion = 15.4;
						TestTargetID = C36535262DAF41F8005A246E;
					};
				};
			};
			buildConfigurationList = C36535222DAF41F8005A246E /* Build configuration list for PBXProject "RingAndShine" */;
			compatibilityVersion = "Xcode 14.0";
			developmentRegion = en;
			hasScannedForEncodings = 0;
			knownRegions = (
				en,
				Base,
			);
			mainGroup = C365351E2DAF41F8005A246E;
			productRefGroup = C36535282DAF41F8005A246E /* Products */;
			projectDirPath = "";
			projectRoot = "";
			targets = (
				C36535262DAF41F8005A246E /* RingAndShine */,
				C36535362DAF41FC005A246E /* RingAndShineTests */,
				C36535402DAF41FC005A246E /* RingAndShineUITests */,
			);
		};
/* End PBXProject section */

/* Begin PBXResourcesBuildPhase section */
		C36535252DAF41F8005A246E /* Resources */ = {
			isa = PBXResourcesBuildPhase;
			buildActionMask = 2147483647;
			files = (
				C36535322DAF41FC005A246E /* Preview Assets.xcassets in Resources */,
				C365352F2DAF41FC005A246E /* Assets.xcassets in Resources */,
				C38D74FB2DB5ADCA00D8785C /* bell.mp3 in Resources */,
			);
			runOnlyForDeploymentPostprocessing = 0;
		};
		C36535352DAF41FC005A246E /* Resources */ = {
			isa = PBXResourcesBuildPhase;
			buildActionMask = 2147483647;
			files = (
			);
			runOnlyForDeploymentPostprocessing = 0;
		};
		C365353F2DAF41FC005A246E /* Resources */ = {
			isa = PBXResourcesBuildPhase;
			buildActionMask = 2147483647;
			files = (
			);
			runOnlyForDeploymentPostprocessing = 0;
		};
/* End PBXResourcesBuildPhase section */

/* Begin PBXShellScriptBuildPhase section */
		71D46EFFFBD58B8690DCA251 /* [CP] Embed Pods Frameworks */ = {
			isa = PBXShellScriptBuildPhase;
			buildActionMask = 2147483647;
			files = (
			);
			inputFileListPaths = (
				"${PODS_ROOT}/Target Support Files/Pods-RingAndShine/Pods-RingAndShine-frameworks-${CONFIGURATION}-input-files.xcfilelist",
			);
			name = "[CP] Embed Pods Frameworks";
			outputFileListPaths = (
				"${PODS_ROOT}/Target Support Files/Pods-RingAndShine/Pods-RingAndShine-frameworks-${CONFIGURATION}-output-files.xcfilelist",
			);
			runOnlyForDeploymentPostprocessing = 0;
			shellPath = /bin/sh;
			shellScript = "\"${PODS_ROOT}/Target Support Files/Pods-RingAndShine/Pods-RingAndShine-frameworks.sh\"\n";
			showEnvVarsInLog = 0;
		};
		90BE091D194A6EC0A72022E7 /* [CP] Check Pods Manifest.lock */ = {
			isa = PBXShellScriptBuildPhase;
			buildActionMask = 2147483647;
			files = (
			);
			inputFileListPaths = (
			);
			inputPaths = (
				"${PODS_PODFILE_DIR_PATH}/Podfile.lock",
				"${PODS_ROOT}/Manifest.lock",
			);
			name = "[CP] Check Pods Manifest.lock";
			outputFileListPaths = (
			);
			outputPaths = (
				"$(DERIVED_FILE_DIR)/Pods-RingAndShine-checkManifestLockResult.txt",
			);
			runOnlyForDeploymentPostprocessing = 0;
			shellPath = /bin/sh;
			shellScript = "diff \"${PODS_PODFILE_DIR_PATH}/Podfile.lock\" \"${PODS_ROOT}/Manifest.lock\" > /dev/null\nif [ $? != 0 ] ; then\n    # print error to STDERR\n    echo \"error: The sandbox is not in sync with the Podfile.lock. Run 'pod install' or update your CocoaPods installation.\" >&2\n    exit 1\nfi\n# This output is used by Xcode 'outputs' to avoid re-running this script phase.\necho \"SUCCESS\" > \"${SCRIPT_OUTPUT_FILE_0}\"\n";
			showEnvVarsInLog = 0;
		};
/* End PBXShellScriptBuildPhase section */

/* Begin PBXSourcesBuildPhase section */
		C36535232DAF41F8005A246E /* Sources */ = {
			isa = PBXSourcesBuildPhase;
			buildActionMask = 2147483647;
			files = (
				C365355E2DAF4BC6005A246E /* SettingsView.swift in Sources */,
				C365352D2DAF41F8005A246E /* ContentView.swift in Sources */,
				C38D9E092DB88F9E00EBD54A /* AddAlarmView.swift in Sources */,
				C36535572DAF47A2005A246E /* AlarmManager.swift in Sources */,
				C346CA7F2DB9D9BA0077F624 /* AppDelegate.swift in Sources */,
				C38D74F72DB59CCC00D8785C /* ContentView2.swift in Sources */,
				C365352B2DAF41F8005A246E /* RingAndShineApp.swift in Sources */,
				C36535602DAF4F51005A246E /* EditAlarmView.swift in Sources */,
				C38D75012DB5B16A00D8785C /* NotificationManager.swift in Sources */,
				C36535622DAF5AC1005A246E /* AlarmDetailView.swift in Sources */,
				C36535552DAF4503005A246E /* Alarm.swift in Sources */,
				C365355B2DAF4B09005A246E /* HapticManager.swift in Sources */,
				C38D74FD2DB5ADF900D8785C /* AudioManager.swift in Sources */,
				C36535592DAF4A4C005A246E /* Settings.swift in Sources */,
			);
			runOnlyForDeploymentPostprocessing = 0;
		};
		C36535332DAF41FC005A246E /* Sources */ = {
			isa = PBXSourcesBuildPhase;
			buildActionMask = 2147483647;
			files = (
				C365353C2DAF41FC005A246E /* RingAndShineTests.swift in Sources */,
			);
			runOnlyForDeploymentPostprocessing = 0;
		};
		C365353D2DAF41FC005A246E /* Sources */ = {
			isa = PBXSourcesBuildPhase;
			buildActionMask = 2147483647;
			files = (
				C36535482DAF41FC005A246E /* RingAndShineUITestsLaunchTests.swift in Sources */,
				C36535462DAF41FC005A246E /* RingAndShineUITests.swift in Sources */,
			);
			runOnlyForDeploymentPostprocessing = 0;
		};
/* End PBXSourcesBuildPhase section */

/* Begin PBXTargetDependency section */
		C36535392DAF41FC005A246E /* PBXTargetDependency */ = {
			isa = PBXTargetDependency;
			target = C36535262DAF41F8005A246E /* RingAndShine */;
			targetProxy = C36535382DAF41FC005A246E /* PBXContainerItemProxy */;
		};
		C36535432DAF41FC005A246E /* PBXTargetDependency */ = {
			isa = PBXTargetDependency;
			target = C36535262DAF41F8005A246E /* RingAndShine */;
			targetProxy = C36535422DAF41FC005A246E /* PBXContainerItemProxy */;
		};
/* End PBXTargetDependency section */

/* Begin XCBuildConfiguration section */
		C36535492DAF41FC005A246E /* Debug */ = {
			isa = XCBuildConfiguration;
			buildSettings = {
				ALWAYS_SEARCH_USER_PATHS = NO;
				ASSETCATALOG_COMPILER_GENERATE_SWIFT_ASSET_SYMBOL_EXTENSIONS = YES;
				CLANG_ANALYZER_NONNULL = YES;
				CLANG_ANALYZER_NUMBER_OBJECT_CONVERSION = YES_AGGRESSIVE;
				CLANG_CXX_LANGUAGE_STANDARD = "gnu++20";
				CLANG_ENABLE_MODULES = YES;
				CLANG_ENABLE_OBJC_ARC = YES;
				CLANG_ENABLE_OBJC_WEAK = YES;
				CLANG_WARN_BLOCK_CAPTURE_AUTORELEASING = YES;
				CLANG_WARN_BOOL_CONVERSION = YES;
				CLANG_WARN_COMMA = YES;
				CLANG_WARN_CONSTANT_CONVERSION = YES;
				CLANG_WARN_DEPRECATED_OBJC_IMPLEMENTATIONS = YES;
				CLANG_WARN_DIRECT_OBJC_ISA_USAGE = YES_ERROR;
				CLANG_WARN_DOCUMENTATION_COMMENTS = YES;
				CLANG_WARN_EMPTY_BODY = YES;
				CLANG_WARN_ENUM_CONVERSION = YES;
				CLANG_WARN_INFINITE_RECURSION = YES;
				CLANG_WARN_INT_CONVERSION = YES;
				CLANG_WARN_NON_LITERAL_NULL_CONVERSION = YES;
				CLANG_WARN_OBJC_IMPLICIT_RETAIN_SELF = YES;
				CLANG_WARN_OBJC_LITERAL_CONVERSION = YES;
				CLANG_WARN_OBJC_ROOT_CLASS = YES_ERROR;
				CLANG_WARN_QUOTED_INCLUDE_IN_FRAMEWORK_HEADER = YES;
				CLANG_WARN_RANGE_LOOP_ANALYSIS = YES;
				CLANG_WARN_STRICT_PROTOTYPES = YES;
				CLANG_WARN_SUSPICIOUS_MOVE = YES;
				CLANG_WARN_UNGUARDED_AVAILABILITY = YES_AGGRESSIVE;
				CLANG_WARN_UNREACHABLE_CODE = YES;
				CLANG_WARN__DUPLICATE_METHOD_MATCH = YES;
				COPY_PHASE_STRIP = NO;
				DEBUG_INFORMATION_FORMAT = dwarf;
				ENABLE_STRICT_OBJC_MSGSEND = YES;
				ENABLE_TESTABILITY = YES;
				ENABLE_USER_SCRIPT_SANDBOXING = YES;
				GCC_C_LANGUAGE_STANDARD = gnu17;
				GCC_DYNAMIC_NO_PIC = NO;
				GCC_NO_COMMON_BLOCKS = YES;
				GCC_OPTIMIZATION_LEVEL = 0;
				GCC_PREPROCESSOR_DEFINITIONS = (
					"DEBUG=1",
					"$(inherited)",
				);
				GCC_WARN_64_TO_32_BIT_CONVERSION = YES;
				GCC_WARN_ABOUT_RETURN_TYPE = YES_ERROR;
				GCC_WARN_UNDECLARED_SELECTOR = YES;
				GCC_WARN_UNINITIALIZED_AUTOS = YES_AGGRESSIVE;
				GCC_WARN_UNUSED_FUNCTION = YES;
				GCC_WARN_UNUSED_VARIABLE = YES;
				IPHONEOS_DEPLOYMENT_TARGET = 17.5;
				LOCALIZATION_PREFERS_STRING_CATALOGS = YES;
				MTL_ENABLE_DEBUG_INFO = INCLUDE_SOURCE;
				MTL_FAST_MATH = YES;
				ONLY_ACTIVE_ARCH = YES;
				SDKROOT = iphoneos;
				SWIFT_ACTIVE_COMPILATION_CONDITIONS = "DEBUG $(inherited)";
				SWIFT_OPTIMIZATION_LEVEL = "-Onone";
			};
			name = Debug;
		};
		C365354A2DAF41FC005A246E /* Release */ = {
			isa = XCBuildConfiguration;
			buildSettings = {
				ALWAYS_SEARCH_USER_PATHS = NO;
				ASSETCATALOG_COMPILER_GENERATE_SWIFT_ASSET_SYMBOL_EXTENSIONS = YES;
				CLANG_ANALYZER_NONNULL = YES;
				CLANG_ANALYZER_NUMBER_OBJECT_CONVERSION = YES_AGGRESSIVE;
				CLANG_CXX_LANGUAGE_STANDARD = "gnu++20";
				CLANG_ENABLE_MODULES = YES;
				CLANG_ENABLE_OBJC_ARC = YES;
				CLANG_ENABLE_OBJC_WEAK = YES;
				CLANG_WARN_BLOCK_CAPTURE_AUTORELEASING = YES;
				CLANG_WARN_BOOL_CONVERSION = YES;
				CLANG_WARN_COMMA = YES;
				CLANG_WARN_CONSTANT_CONVERSION = YES;
				CLANG_WARN_DEPRECATED_OBJC_IMPLEMENTATIONS = YES;
				CLANG_WARN_DIRECT_OBJC_ISA_USAGE = YES_ERROR;
				CLANG_WARN_DOCUMENTATION_COMMENTS = YES;
				CLANG_WARN_EMPTY_BODY = YES;
				CLANG_WARN_ENUM_CONVERSION = YES;
				CLANG_WARN_INFINITE_RECURSION = YES;
				CLANG_WARN_INT_CONVERSION = YES;
				CLANG_WARN_NON_LITERAL_NULL_CONVERSION = YES;
				CLANG_WARN_OBJC_IMPLICIT_RETAIN_SELF = YES;
				CLANG_WARN_OBJC_LITERAL_CONVERSION = YES;
				CLANG_WARN_OBJC_ROOT_CLASS = YES_ERROR;
				CLANG_WARN_QUOTED_INCLUDE_IN_FRAMEWORK_HEADER = YES;
				CLANG_WARN_RANGE_LOOP_ANALYSIS = YES;
				CLANG_WARN_STRICT_PROTOTYPES = YES;
				CLANG_WARN_SUSPICIOUS_MOVE = YES;
				CLANG_WARN_UNGUARDED_AVAILABILITY = YES_AGGRESSIVE;
				CLANG_WARN_UNREACHABLE_CODE = YES;
				CLANG_WARN__DUPLICATE_METHOD_MATCH = YES;
				COPY_PHASE_STRIP = NO;
				DEBUG_INFORMATION_FORMAT = "dwarf-with-dsym";
				ENABLE_NS_ASSERTIONS = NO;
				ENABLE_STRICT_OBJC_MSGSEND = YES;
				ENABLE_USER_SCRIPT_SANDBOXING = YES;
				GCC_C_LANGUAGE_STANDARD = gnu17;
				GCC_NO_COMMON_BLOCKS = YES;
				GCC_WARN_64_TO_32_BIT_CONVERSION = YES;
				GCC_WARN_ABOUT_RETURN_TYPE = YES_ERROR;
				GCC_WARN_UNDECLARED_SELECTOR = YES;
				GCC_WARN_UNINITIALIZED_AUTOS = YES_AGGRESSIVE;
				GCC_WARN_UNUSED_FUNCTION = YES;
				GCC_WARN_UNUSED_VARIABLE = YES;
				IPHONEOS_DEPLOYMENT_TARGET = 17.5;
				LOCALIZATION_PREFERS_STRING_CATALOGS = YES;
				MTL_ENABLE_DEBUG_INFO = NO;
				MTL_FAST_MATH = YES;
				SDKROOT = iphoneos;
				SWIFT_COMPILATION_MODE = wholemodule;
				VALIDATE_PRODUCT = YES;
			};
			name = Release;
		};
		C365354C2DAF41FC005A246E /* Debug */ = {
			isa = XCBuildConfiguration;
			baseConfigurationReference = F72833D04BC49EF8407F7AE9 /* Pods-RingAndShine.debug.xcconfig */;
			buildSettings = {
				ASSETCATALOG_COMPILER_APPICON_NAME = AppIcon;
				ASSETCATALOG_COMPILER_GLOBAL_ACCENT_COLOR_NAME = AccentColor;
				CODE_SIGN_STYLE = Automatic;
				CURRENT_PROJECT_VERSION = 1;
				DEVELOPMENT_ASSET_PATHS = "\"RingAndShine/Preview Content\"";
				DEVELOPMENT_TEAM = T222734W5A;
				ENABLE_PREVIEWS = YES;
				ENABLE_USER_SCRIPT_SANDBOXING = NO;
				GENERATE_INFOPLIST_FILE = YES;
				INFOPLIST_KEY_UIApplicationSceneManifest_Generation = YES;
				INFOPLIST_KEY_UIApplicationSupportsIndirectInputEvents = YES;
				INFOPLIST_KEY_UILaunchScreen_Generation = YES;
				INFOPLIST_KEY_UISupportedInterfaceOrientations_iPad = "UIInterfaceOrientationPortrait UIInterfaceOrientationPortraitUpsideDown UIInterfaceOrientationLandscapeLeft UIInterfaceOrientationLandscapeRight";
				INFOPLIST_KEY_UISupportedInterfaceOrientations_iPhone = "UIInterfaceOrientationPortrait UIInterfaceOrientationLandscapeLeft UIInterfaceOrientationLandscapeRight";
				LD_RUNPATH_SEARCH_PATHS = (
					"$(inherited)",
					"@executable_path/Frameworks",
				);
				MARKETING_VERSION = 1.0;
				PRODUCT_BUNDLE_IDENTIFIER = Chapman.RingAndShine;
				PRODUCT_NAME = "$(TARGET_NAME)";
				SWIFT_EMIT_LOC_STRINGS = YES;
				SWIFT_VERSION = 5.0;
				TARGETED_DEVICE_FAMILY = "1,2";
			};
			name = Debug;
		};
		C365354D2DAF41FC005A246E /* Release */ = {
			isa = XCBuildConfiguration;
			baseConfigurationReference = 166EE722A1D0ADF5B519BF08 /* Pods-RingAndShine.release.xcconfig */;
			buildSettings = {
				ASSETCATALOG_COMPILER_APPICON_NAME = AppIcon;
				ASSETCATALOG_COMPILER_GLOBAL_ACCENT_COLOR_NAME = AccentColor;
				CODE_SIGN_STYLE = Automatic;
				CURRENT_PROJECT_VERSION = 1;
				DEVELOPMENT_ASSET_PATHS = "\"RingAndShine/Preview Content\"";
				DEVELOPMENT_TEAM = T222734W5A;
				ENABLE_PREVIEWS = YES;
				ENABLE_USER_SCRIPT_SANDBOXING = NO;
				GENERATE_INFOPLIST_FILE = YES;
				INFOPLIST_KEY_UIApplicationSceneManifest_Generation = YES;
				INFOPLIST_KEY_UIApplicationSupportsIndirectInputEvents = YES;
				INFOPLIST_KEY_UILaunchScreen_Generation = YES;
				INFOPLIST_KEY_UISupportedInterfaceOrientations_iPad = "UIInterfaceOrientationPortrait UIInterfaceOrientationPortraitUpsideDown UIInterfaceOrientationLandscapeLeft UIInterfaceOrientationLandscapeRight";
				INFOPLIST_KEY_UISupportedInterfaceOrientations_iPhone = "UIInterfaceOrientationPortrait UIInterfaceOrientationLandscapeLeft UIInterfaceOrientationLandscapeRight";
				LD_RUNPATH_SEARCH_PATHS = (
					"$(inherited)",
					"@executable_path/Frameworks",
				);
				MARKETING_VERSION = 1.0;
				PRODUCT_BUNDLE_IDENTIFIER = Chapman.RingAndShine;
				PRODUCT_NAME = "$(TARGET_NAME)";
				SWIFT_EMIT_LOC_STRINGS = YES;
				SWIFT_VERSION = 5.0;
				TARGETED_DEVICE_FAMILY = "1,2";
			};
			name = Release;
		};
		C365354F2DAF41FC005A246E /* Debug */ = {
			isa = XCBuildConfiguration;
			buildSettings = {
				ALWAYS_EMBED_SWIFT_STANDARD_LIBRARIES = YES;
				BUNDLE_LOADER = "$(TEST_HOST)";
				CODE_SIGN_STYLE = Automatic;
				CURRENT_PROJECT_VERSION = 1;
				DEVELOPMENT_TEAM = T222734W5A;
				GENERATE_INFOPLIST_FILE = YES;
				IPHONEOS_DEPLOYMENT_TARGET = 17.5;
				MARKETING_VERSION = 1.0;
				PRODUCT_BUNDLE_IDENTIFIER = Chapman.RingAndShineTests;
				PRODUCT_NAME = "$(TARGET_NAME)";
				SWIFT_EMIT_LOC_STRINGS = NO;
				SWIFT_VERSION = 5.0;
				TARGETED_DEVICE_FAMILY = "1,2";
				TEST_HOST = "$(BUILT_PRODUCTS_DIR)/RingAndShine.app/$(BUNDLE_EXECUTABLE_FOLDER_PATH)/RingAndShine";
			};
			name = Debug;
		};
		C36535502DAF41FC005A246E /* Release */ = {
			isa = XCBuildConfiguration;
			buildSettings = {
				ALWAYS_EMBED_SWIFT_STANDARD_LIBRARIES = YES;
				BUNDLE_LOADER = "$(TEST_HOST)";
				CODE_SIGN_STYLE = Automatic;
				CURRENT_PROJECT_VERSION = 1;
				DEVELOPMENT_TEAM = T222734W5A;
				GENERATE_INFOPLIST_FILE = YES;
				IPHONEOS_DEPLOYMENT_TARGET = 17.5;
				MARKETING_VERSION = 1.0;
				PRODUCT_BUNDLE_IDENTIFIER = Chapman.RingAndShineTests;
				PRODUCT_NAME = "$(TARGET_NAME)";
				SWIFT_EMIT_LOC_STRINGS = NO;
				SWIFT_VERSION = 5.0;
				TARGETED_DEVICE_FAMILY = "1,2";
				TEST_HOST = "$(BUILT_PRODUCTS_DIR)/RingAndShine.app/$(BUNDLE_EXECUTABLE_FOLDER_PATH)/RingAndShine";
			};
			name = Release;
		};
		C36535522DAF41FC005A246E /* Debug */ = {
			isa = XCBuildConfiguration;
			buildSettings = {
				ALWAYS_EMBED_SWIFT_STANDARD_LIBRARIES = YES;
				CODE_SIGN_STYLE = Automatic;
				CURRENT_PROJECT_VERSION = 1;
				DEVELOPMENT_TEAM = T222734W5A;
				GENERATE_INFOPLIST_FILE = YES;
				MARKETING_VERSION = 1.0;
				PRODUCT_BUNDLE_IDENTIFIER = Chapman.RingAndShineUITests;
				PRODUCT_NAME = "$(TARGET_NAME)";
				SWIFT_EMIT_LOC_STRINGS = NO;
				SWIFT_VERSION = 5.0;
				TARGETED_DEVICE_FAMILY = "1,2";
				TEST_TARGET_NAME = RingAndShine;
			};
			name = Debug;
		};
		C36535532DAF41FC005A246E /* Release */ = {
			isa = XCBuildConfiguration;
			buildSettings = {
				ALWAYS_EMBED_SWIFT_STANDARD_LIBRARIES = YES;
				CODE_SIGN_STYLE = Automatic;
				CURRENT_PROJECT_VERSION = 1;
				DEVELOPMENT_TEAM = T222734W5A;
				GENERATE_INFOPLIST_FILE = YES;
				MARKETING_VERSION = 1.0;
				PRODUCT_BUNDLE_IDENTIFIER = Chapman.RingAndShineUITests;
				PRODUCT_NAME = "$(TARGET_NAME)";
				SWIFT_EMIT_LOC_STRINGS = NO;
				SWIFT_VERSION = 5.0;
				TARGETED_DEVICE_FAMILY = "1,2";
				TEST_TARGET_NAME = RingAndShine;
			};
			name = Release;
		};
/* End XCBuildConfiguration section */

/* Begin XCConfigurationList section */
		C36535222DAF41F8005A246E /* Build configuration list for PBXProject "RingAndShine" */ = {
			isa = XCConfigurationList;
			buildConfigurations = (
				C36535492DAF41FC005A246E /* Debug */,
				C365354A2DAF41FC005A246E /* Release */,
			);
			defaultConfigurationIsVisible = 0;
			defaultConfigurationName = Release;
		};
		C365354B2DAF41FC005A246E /* Build configuration list for PBXNativeTarget "RingAndShine" */ = {
			isa = XCConfigurationList;
			buildConfigurations = (
				C365354C2DAF41FC005A246E /* Debug */,
				C365354D2DAF41FC005A246E /* Release */,
			);
			defaultConfigurationIsVisible = 0;
			defaultConfigurationName = Release;
		};
		C365354E2DAF41FC005A246E /* Build configuration list for PBXNativeTarget "RingAndShineTests" */ = {
			isa = XCConfigurationList;
			buildConfigurations = (
				C365354F2DAF41FC005A246E /* Debug */,
				C36535502DAF41FC005A246E /* Release */,
			);
			defaultConfigurationIsVisible = 0;
			defaultConfigurationName = Release;
		};
		C36535512DAF41FC005A246E /* Build configuration list for PBXNativeTarget "RingAndShineUITests" */ = {
			isa = XCConfigurationList;
			buildConfigurations = (
				C36535522DAF41FC005A246E /* Debug */,
				C36535532DAF41FC005A246E /* Release */,
			);
			defaultConfigurationIsVisible = 0;
			defaultConfigurationName = Release;
		};
/* End XCConfigurationList section */
	};
	rootObject = C365351F2DAF41F8005A246E /* Project object */;
}
